# THIS IS AN AUTOGENERATED FILE. DO NOT EDIT THIS FILE DIRECTLY.
# yarn lockfile v1


"@intlify/core-base@9.0.0-rc.6":
  version "9.0.0-rc.6"
  resolved "https://registry.yarnpkg.com/@intlify/core-base/-/core-base-9.0.0-rc.6.tgz#e0d61d9412ae1ea3f8ec9475d4c0f005fc006c95"
  integrity sha512-UG8H+q1GZ2ZD6Rg9nuc6NPqj9K9OeXHt4kerKRDRgZ+h2wPNoWItIQXSrShg5GJKvEN+rRuJvvnh61oMNS0sWw==
  dependencies:
    "@intlify/message-compiler" "9.0.0-rc.6"
    "@intlify/message-resolver" "9.0.0-rc.6"
    "@intlify/runtime" "9.0.0-rc.6"
    "@intlify/shared" "9.0.0-rc.6"

"@intlify/core@^9.0.0-rc.6":
  version "9.0.0-rc.6"
  resolved "https://registry.yarnpkg.com/@intlify/core/-/core-9.0.0-rc.6.tgz#7ac9c1b859ffaa08deab43f21a770047ed67b225"
  integrity sha512-enaiUtVNkBu8sJTte29pCwLQrKHBLFS5aRhiPU3cFNPehvtS/rombOJCfTL4LIicaY9t1t+npeBUHhmywaLY3w==
  dependencies:
    "@intlify/core-base" "9.0.0-rc.6"

"@intlify/message-compiler@9.0.0-rc.6":
  version "9.0.0-rc.6"
  resolved "https://registry.yarnpkg.com/@intlify/message-compiler/-/message-compiler-9.0.0-rc.6.tgz#c15e8b6e120804e30306a6af42305c6d970714b1"
  integrity sha512-WyvvFBoJ6qZk/3G/LjHuZJhY0ww8PZD+30wdPy5lJEB4+uTDoAAupwfnQ1suek7wsnFbPiuUE2j48qRogY0QJQ==
  dependencies:
    "@intlify/message-resolver" "9.0.0-rc.6"
    "@intlify/shared" "9.0.0-rc.6"
    source-map "0.6.1"

"@intlify/message-resolver@9.0.0-rc.6":
  version "9.0.0-rc.6"
  resolved "https://registry.yarnpkg.com/@intlify/message-resolver/-/message-resolver-9.0.0-rc.6.tgz#c4fcc5fbc2a5bb3578b897baa2307bfd782193fe"
  integrity sha512-yY+hM8WqliAIayYP0/8iITfScn4oSYXVrUwIn7ZWUONhuXCQXlxStukmQ1e1lWkL4Jyi4qTRXupDllq5yvW9BA==

"@intlify/runtime@9.0.0-rc.6":
  version "9.0.0-rc.6"
  resolved "https://registry.yarnpkg.com/@intlify/runtime/-/runtime-9.0.0-rc.6.tgz#033af22fe2d7dfcf4970f013a4f9645609907a70"
  integrity sha512-z1lc4mmpRknTHjN3w5m9vmACidCo+Xm/2J6zMHhh23UEbCrIoaSKTFqs87aj5crX1CJvAc8rwGD1s2+QcHaEZQ==
  dependencies:
    "@intlify/message-compiler" "9.0.0-rc.6"
    "@intlify/message-resolver" "9.0.0-rc.6"
    "@intlify/shared" "9.0.0-rc.6"

"@intlify/shared@9.0.0-rc.6":
  version "9.0.0-rc.6"
  resolved "https://registry.yarnpkg.com/@intlify/shared/-/shared-9.0.0-rc.6.tgz#577cd9be261dd54472d934b2fefd2c6a8e6a23fe"
  integrity sha512-6TFGAUcxgEIGvNxeBAUTvzyAdd/rAjsOLTIUTKLQX2JYypCwmTRPsT3wGWAUfvLxnKK62wyE+s4pI3dPNGz+vQ==

jiti@^1.3.0:
  version "1.3.0"
  resolved "https://registry.yarnpkg.com/jiti/-/jiti-1.3.0.tgz#9c6b8bde5744f732f33c1aa27108fd03b9a49d0d"
  integrity sha512-CrRtGy3v7PE5dGWtMBe+FMaViXX2eUa7I+Cyo0WmyggVm61lfpEs1orBQalHx9KDIp0Kl5mNaXGHZCMgTpNDXw==

source-map@0.6.1:
  version "0.6.1"
  resolved "https://registry.yarnpkg.com/source-map/-/source-map-0.6.1.tgz#74722af32e9614e9c287a8d0bbde48b5e2f1a263"
  integrity sha512-UjgapumWlbMhkBgzT7Ykc5YXUT46F0iKu8SGXq0bcwP5dz/h0Plj6enJqjz1Zbq2l5WaqYnrVbwWOWMyF3F47g==

typescript@^4.1.5:
  version "4.1.5"
  resolved "https://registry.yarnpkg.com/typescript/-/typescript-4.1.5.tgz#123a3b214aaff3be32926f0d8f1f6e704eb89a72"
  integrity sha512-6OSu9PTIzmn9TCDiovULTnET6BgXtDYL4Gg4szY+cGsc3JP1dQL8qvE8kShTRx1NIw4Q9IBHlwODjkjWEtMUyA==
